
Microsoft Visual Studio Solution File, Format Version 12.00
# Visual Studio 15
VisualStudioVersion = 15.0.28010.2016
MinimumVisualStudioVersion = 10.0.40219.1
Project("{FAE04EC0-301F-11D3-BF4B-00C04F79EFBC}") = "BasicShell", "BasicShell\BasicShell.csproj", "{730B7DBB-1C37-4C3E-A058-A255DCBD4A92}"
EndProject
Global
	GlobalSection(SolutionConfigurationPlatforms) = preSolution
		Debug|Any CPU = Debug|Any CPU
		Release|Any CPU = Release|Any CPU
	EndGlobalSection
	GlobalSection(ProjectConfigurationPlatforms) = postSolution
		{730B7DBB-1C37-4C3E-A058-A255DCBD4A92}.Debug|Any CPU.ActiveCfg = Debug|Any CPU
		{730B7DBB-1C37-4C3E-A058-A255DCBD4A92}.Debug|Any CPU.Build.0 = Debug|Any CPU
		{730B7DBB-1C37-4C3E-A058-A255DCBD4A92}.Release|Any CPU.ActiveCfg = Release|Any CPU
		{730B7DBB-1C37-4C3E-A058-A255DCBD4A92}.Release|Any CPU.Build.0 = Release|Any CPU
	EndGlobalSection
	GlobalSection(SolutionProperties) = preSolution
		HideSolutionNode = FALSE
	EndGlobalSection
	GlobalSection(ExtensibilityGlobals) = postSolution
		SolutionGuid = {DB2A8C8F-ED79-4C8D-A03B-13D7DCB215BE}
	EndGlobalSection
EndGlobal
